
Microsoft Visual Studio Solution File, Format Version 12.00
# Visual Studio 15
VisualStudioVersion = 15.0.28010.2050
MinimumVisualStudioVersion = 10.0.40219.1
Project("{FAE04EC0-301F-11D3-BF4B-00C04F79EFBC}") = "EjercicioNumeroCuatro", "EjercicioNumeroCuatro\EjercicioNumeroCuatro.csproj", "{EE0516FA-0A62-4BEB-9A9B-C8219F1C869C}"
EndProject
Global
	GlobalSection(SolutionConfigurationPlatforms) = preSolution
		Debug|Any CPU = Debug|Any CPU
		Release|Any CPU = Release|Any CPU
	EndGlobalSection
	GlobalSection(ProjectConfigurationPlatforms) = postSolution
		{EE0516FA-0A62-4BEB-9A9B-C8219F1C869C}.Debug|Any CPU.ActiveCfg = Debug|Any CPU
		{EE0516FA-0A62-4BEB-9A9B-C8219F1C869C}.Debug|Any CPU.Build.0 = Debug|Any CPU
		{EE0516FA-0A62-4BEB-9A9B-C8219F1C869C}.Release|Any CPU.ActiveCfg = Release|Any CPU
		{EE0516FA-0A62-4BEB-9A9B-C8219F1C869C}.Release|Any CPU.Build.0 = Release|Any CPU
	EndGlobalSection
	GlobalSection(SolutionProperties) = preSolution
		HideSolutionNode = FALSE
	EndGlobalSection
	GlobalSection(ExtensibilityGlobals) = postSolution
		SolutionGuid = {D6303634-5085-46E5-B8AB-CF07E21EA099}
	EndGlobalSection
EndGlobal
