
Microsoft Visual Studio Solution File, Format Version 12.00
# Visual Studio 15
VisualStudioVersion = 15.0.28010.2050
MinimumVisualStudioVersion = 10.0.40219.1
Project("{FAE04EC0-301F-11D3-BF4B-00C04F79EFBC}") = "EjercicioNumeroSiete", "EjercicioNumeroSiete\EjercicioNumeroSiete.csproj", "{8F13CF78-3C68-4A18-9B1F-E8056C2426C9}"
EndProject
Global
	GlobalSection(SolutionConfigurationPlatforms) = preSolution
		Debug|Any CPU = Debug|Any CPU
		Release|Any CPU = Release|Any CPU
	EndGlobalSection
	GlobalSection(ProjectConfigurationPlatforms) = postSolution
		{8F13CF78-3C68-4A18-9B1F-E8056C2426C9}.Debug|Any CPU.ActiveCfg = Debug|Any CPU
		{8F13CF78-3C68-4A18-9B1F-E8056C2426C9}.Debug|Any CPU.Build.0 = Debug|Any CPU
		{8F13CF78-3C68-4A18-9B1F-E8056C2426C9}.Release|Any CPU.ActiveCfg = Release|Any CPU
		{8F13CF78-3C68-4A18-9B1F-E8056C2426C9}.Release|Any CPU.Build.0 = Release|Any CPU
	EndGlobalSection
	GlobalSection(SolutionProperties) = preSolution
		HideSolutionNode = FALSE
	EndGlobalSection
	GlobalSection(ExtensibilityGlobals) = postSolution
		SolutionGuid = {044EFBB8-DFA6-48F1-BC3C-6A165954864E}
	EndGlobalSection
EndGlobal
