
Microsoft Visual Studio Solution File, Format Version 12.00
# Visual Studio 15
VisualStudioVersion = 15.0.28010.2050
MinimumVisualStudioVersion = 10.0.40219.1
Project("{FAE04EC0-301F-11D3-BF4B-00C04F79EFBC}") = "Problema5", "Problema5\Problema5.csproj", "{4F4F50F4-CAA0-4E18-8E7B-D097123EFD5D}"
EndProject
Global
	GlobalSection(SolutionConfigurationPlatforms) = preSolution
		Debug|Any CPU = Debug|Any CPU
		Release|Any CPU = Release|Any CPU
	EndGlobalSection
	GlobalSection(ProjectConfigurationPlatforms) = postSolution
		{4F4F50F4-CAA0-4E18-8E7B-D097123EFD5D}.Debug|Any CPU.ActiveCfg = Debug|Any CPU
		{4F4F50F4-CAA0-4E18-8E7B-D097123EFD5D}.Debug|Any CPU.Build.0 = Debug|Any CPU
		{4F4F50F4-CAA0-4E18-8E7B-D097123EFD5D}.Release|Any CPU.ActiveCfg = Release|Any CPU
		{4F4F50F4-CAA0-4E18-8E7B-D097123EFD5D}.Release|Any CPU.Build.0 = Release|Any CPU
	EndGlobalSection
	GlobalSection(SolutionProperties) = preSolution
		HideSolutionNode = FALSE
	EndGlobalSection
	GlobalSection(ExtensibilityGlobals) = postSolution
		SolutionGuid = {37847FDF-05A4-4F60-89B2-EC1D5C1341F9}
	EndGlobalSection
EndGlobal
